{
    "name": "@surfboard/core",
    "version": "0.1.0",
    "lockfileVersion": 1,
    "requires": true,
    "dependencies": {
        "@types/body-parser": {
            "version": "1.17.0",
            "resolved": "https://registry.npmjs.org/@types/body-parser/-/body-parser-1.17.0.tgz",
            "integrity": "sha512-a2+YeUjPkztKJu5aIF2yArYFQQp8d51wZ7DavSHjFuY1mqVgidGyzEQ41JIVNy82fXj8yPgy2vJmfIywgESW6w==",
            "dev": true,
            "requires": {
                "@types/connect": "*",
                "@types/node": "*"
            }
        },
        "@types/connect": {
            "version": "3.4.32",
            "resolved": "https://registry.npmjs.org/@types/connect/-/connect-3.4.32.tgz",
            "integrity": "sha512-4r8qa0quOvh7lGD0pre62CAb1oni1OO6ecJLGCezTmhQ8Fz50Arx9RUszryR8KlgK6avuSXvviL6yWyViQABOg==",
            "dev": true,
            "requires": {
                "@types/node": "*"
            }
        },
        "@types/events": {
            "version": "1.2.0",
            "resolved": "http://registry.npmjs.org/@types/events/-/events-1.2.0.tgz",
            "integrity": "sha512-KEIlhXnIutzKwRbQkGWb/I4HFqBuUykAdHgDED6xqwXJfONCjF5VoE0cXEiurh3XauygxzeDzgtXUqvLkxFzzA==",
            "dev": true
        },
        "@types/express": {
            "version": "4.16.0",
            "resolved": "https://registry.npmjs.org/@types/express/-/express-4.16.0.tgz",
            "integrity": "sha512-TtPEYumsmSTtTetAPXlJVf3kEqb6wZK0bZojpJQrnD/djV4q1oB6QQ8aKvKqwNPACoe02GNiy5zDzcYivR5Z2w==",
            "dev": true,
            "requires": {
                "@types/body-parser": "*",
                "@types/express-serve-static-core": "*",
                "@types/serve-static": "*"
            }
        },
        "@types/express-serve-static-core": {
            "version": "4.16.0",
            "resolved": "https://registry.npmjs.org/@types/express-serve-static-core/-/express-serve-static-core-4.16.0.tgz",
            "integrity": "sha512-lTeoCu5NxJU4OD9moCgm0ESZzweAx0YqsAcab6OB0EB3+As1OaHtKnaGJvcngQxYsi9UNv0abn4/DRavrRxt4w==",
            "dev": true,
            "requires": {
                "@types/events": "*",
                "@types/node": "*",
                "@types/range-parser": "*"
            }
        },
        "@types/lodash": {
            "version": "4.14.119",
            "resolved": "https://registry.npmjs.org/@types/lodash/-/lodash-4.14.119.tgz",
            "integrity": "sha512-Z3TNyBL8Vd/M9D9Ms2S3LmFq2sSMzahodD6rCS9V2N44HUMINb75jNkSuwAx7eo2ufqTdfOdtGQpNbieUjPQmw==",
            "dev": true
        },
        "@types/mime": {
            "version": "2.0.0",
            "resolved": "https://registry.npmjs.org/@types/mime/-/mime-2.0.0.tgz",
            "integrity": "sha512-A2TAGbTFdBw9azHbpVd+/FkdW2T6msN1uct1O9bH3vTerEHKZhTXJUQXy+hNq1B0RagfU8U+KBdqiZpxjhOUQA==",
            "dev": true
        },
        "@types/node": {
            "version": "10.12.18",
            "resolved": "https://registry.npmjs.org/@types/node/-/node-10.12.18.tgz",
            "integrity": "sha512-fh+pAqt4xRzPfqA6eh3Z2y6fyZavRIumvjhaCL753+TVkGKGhpPeyrJG2JftD0T9q4GF00KjefsQ+PQNDdWQaQ==",
            "dev": true
        },
        "@types/range-parser": {
            "version": "1.2.3",
            "resolved": "https://registry.npmjs.org/@types/range-parser/-/range-parser-1.2.3.tgz",
            "integrity": "sha512-ewFXqrQHlFsgc09MK5jP5iR7vumV/BYayNC6PgJO2LPe8vrnNFyjQjSppfEngITi0qvfKtzFvgKymGheFM9UOA==",
            "dev": true
        },
        "@types/serve-static": {
            "version": "1.13.2",
            "resolved": "https://registry.npmjs.org/@types/serve-static/-/serve-static-1.13.2.tgz",
            "integrity": "sha512-/BZ4QRLpH/bNYgZgwhKEh+5AsboDBcUdlBYgzoLX0fpj3Y2gp6EApyOlM3bK53wQS/OE1SrdSYBAbux2D1528Q==",
            "dev": true,
            "requires": {
                "@types/express-serve-static-core": "*",
                "@types/mime": "*"
            }
        },
        "@types/ws": {
            "version": "6.0.1",
            "resolved": "https://registry.npmjs.org/@types/ws/-/ws-6.0.1.tgz",
            "integrity": "sha512-EzH8k1gyZ4xih/MaZTXwT2xOkPiIMSrhQ9b8wrlX88L0T02eYsddatQlwVFlEPyEqV0ChpdpNnE51QPH6NVT4Q==",
            "dev": true,
            "requires": {
                "@types/events": "*",
                "@types/node": "*"
            }
        },
        "async-limiter": {
            "version": "1.0.0",
            "resolved": "https://registry.npmjs.org/async-limiter/-/async-limiter-1.0.0.tgz",
            "integrity": "sha512-jp/uFnooOiO+L211eZOoSyzpOITMXx1rBITauYykG3BRYPu8h0UcxsPNB04RR5vo4Tyz3+ay17tR6JVf9qzYWg=="
        },
        "lodash": {
            "version": "4.17.11",
            "resolved": "https://registry.npmjs.org/lodash/-/lodash-4.17.11.tgz",
            "integrity": "sha512-cQKh8igo5QUhZ7lg38DYWAxMvjSAKG0A8wGSVimP07SIUEK2UO+arSRKbRZWtelMtN5V0Hkwh5ryOto/SshYIg=="
        },
        "rxjs": {
            "version": "6.3.3",
            "resolved": "https://registry.npmjs.org/rxjs/-/rxjs-6.3.3.tgz",
            "integrity": "sha512-JTWmoY9tWCs7zvIk/CvRjhjGaOd+OVBM987mxFo+OW66cGpdKjZcpmc74ES1sB//7Kl/PAe8+wEakuhG4pcgOw==",
            "requires": {
                "tslib": "^1.9.0"
            }
        },
        "tslib": {
            "version": "1.9.3",
            "resolved": "https://registry.npmjs.org/tslib/-/tslib-1.9.3.tgz",
            "integrity": "sha512-4krF8scpejhaOgqzBEcGM7yDIEfi0/8+8zDRZhNZZ2kjmHJ4hv3zCbQWxoJGz1iw5U0Jl0nma13xzHXcncMavQ=="
        },
        "typescript": {
            "version": "3.2.2",
            "resolved": "https://registry.npmjs.org/typescript/-/typescript-3.2.2.tgz",
            "integrity": "sha512-VCj5UiSyHBjwfYacmDuc/NOk4QQixbE+Wn7MFJuS0nRuPQbof132Pw4u53dm264O8LPc2MVsc7RJNml5szurkg==",
            "dev": true
        },
        "ws": {
            "version": "6.1.2",
            "resolved": "https://registry.npmjs.org/ws/-/ws-6.1.2.tgz",
            "integrity": "sha512-rfUqzvz0WxmSXtJpPMX2EeASXabOrSMk1ruMOV3JBTBjo4ac2lDjGGsbQSyxj8Odhw5fBib8ZKEjDNvgouNKYw==",
            "requires": {
                "async-limiter": "~1.0.0"
            }
        }
    }
}
